// !$*UTF8*$!
{
	archiveVersion = 1;
	classes = {
	};
	objectVersion = 50;
	objects = {

/* Begin PBXBuildFile section */
		CE0BB920239688BA0080D7B0 /* OperationPreValidator.m in Sources */ = {isa = PBXBuildFile; fileRef = CE0BB91F239688BA0080D7B0 /* OperationPreValidator.m */; };
		CE0BB92323968AB40080D7B0 /* MALoginOperationPreValidator.m in Sources */ = {isa = PBXBuildFile; fileRef = CE0BB92223968AB40080D7B0 /* MALoginOperationPreValidator.m */; };
		CE0BB9282396946D0080D7B0 /* Director.m in Sources */ = {isa = PBXBuildFile; fileRef = CE0BB9272396946D0080D7B0 /* Director.m */; };
		CE0BB92E2396952B0080D7B0 /* Product.m in Sources */ = {isa = PBXBuildFile; fileRef = CE0BB92D2396952B0080D7B0 /* Product.m */; };
		CE0BB931239696340080D7B0 /* ConcreteBuilder.m in Sources */ = {isa = PBXBuildFile; fileRef = CE0BB930239696340080D7B0 /* ConcreteBuilder.m */; };
		CE0E051223826F2E002CF6C3 /* UIViewController+YYZAlert.m in Sources */ = {isa = PBXBuildFile; fileRef = CE0E051123826F2E002CF6C3 /* UIViewController+YYZAlert.m */; };
		CE17BC5A23372E9900EF070B /* TestView.m in Sources */ = {isa = PBXBuildFile; fileRef = CE17BC5923372E9900EF070B /* TestView.m */; };
		CE17BC5D23375B6B00EF070B /* InputPasswordView.m in Sources */ = {isa = PBXBuildFile; fileRef = CE17BC5C23375B6B00EF070B /* InputPasswordView.m */; };
		CE22C288237FFB5B00CF7904 /* UIView+YYZLayout.m in Sources */ = {isa = PBXBuildFile; fileRef = CE22C287237FFB5B00CF7904 /* UIView+YYZLayout.m */; };
		CE45963F2393AB5A00BD16A6 /* YYZAlertBackgroundView.m in Sources */ = {isa = PBXBuildFile; fileRef = CE45963E2393AB5A00BD16A6 /* YYZAlertBackgroundView.m */; };
		CE45E02A231A14FF00DCB5A2 /* YYZDateManager.m in Sources */ = {isa = PBXBuildFile; fileRef = CE45E029231A14FF00DCB5A2 /* YYZDateManager.m */; };
		CE45E02D231A4DB800DCB5A2 /* YYZPathManager.m in Sources */ = {isa = PBXBuildFile; fileRef = CE45E02C231A4DB800DCB5A2 /* YYZPathManager.m */; };
		CE45E030231A4E3B00DCB5A2 /* NSString+YYZAdditions.m in Sources */ = {isa = PBXBuildFile; fileRef = CE45E02F231A4E3B00DCB5A2 /* NSString+YYZAdditions.m */; };
		CE45E033231A624D00DCB5A2 /* YYZGradientView.m in Sources */ = {isa = PBXBuildFile; fileRef = CE45E032231A624D00DCB5A2 /* YYZGradientView.m */; };
		CE45E036231A6DCE00DCB5A2 /* NSData+YYZGZIP.m in Sources */ = {isa = PBXBuildFile; fileRef = CE45E035231A6DCE00DCB5A2 /* NSData+YYZGZIP.m */; };
		CE545B8F231273020063BAF1 /* YYZAppMonitor.m in Sources */ = {isa = PBXBuildFile; fileRef = CE545B8E231273020063BAF1 /* YYZAppMonitor.m */; };
		CE545B9223127ED40063BAF1 /* YYZTimerHolder.m in Sources */ = {isa = PBXBuildFile; fileRef = CE545B9123127ED40063BAF1 /* YYZTimerHolder.m */; };
		CE545B9523127F060063BAF1 /* YYZKeyboardMonitor.m in Sources */ = {isa = PBXBuildFile; fileRef = CE545B9423127F060063BAF1 /* YYZKeyboardMonitor.m */; };
		CE545B9823129DFE0063BAF1 /* TestViewController.m in Sources */ = {isa = PBXBuildFile; fileRef = CE545B9723129DFE0063BAF1 /* TestViewController.m */; };
		CE545B9E2312A4100063BAF1 /* UIView+YYZNibLoading.m in Sources */ = {isa = PBXBuildFile; fileRef = CE545B9D2312A4100063BAF1 /* UIView+YYZNibLoading.m */; };
		CE545BA92312B5FA0063BAF1 /* UIViewController+YYZNibLoading.m in Sources */ = {isa = PBXBuildFile; fileRef = CE545BA82312B5FA0063BAF1 /* UIViewController+YYZNibLoading.m */; };
		CE545BAF2312C7D70063BAF1 /* YYZKitAppDelegate.m in Sources */ = {isa = PBXBuildFile; fileRef = CE545BAE2312C7D70063BAF1 /* YYZKitAppDelegate.m */; };
		CE62564022F440B100F1C494 /* YYZPhotoManager.m in Sources */ = {isa = PBXBuildFile; fileRef = CE62563F22F440B100F1C494 /* YYZPhotoManager.m */; };
		CE69601D2338F851008220F5 /* UIColor+YYZAdditions.m in Sources */ = {isa = PBXBuildFile; fileRef = CE69601A2338F851008220F5 /* UIColor+YYZAdditions.m */; };
		CE6D178123A27FB700245EBE /* YYZEWTabItemBadgeProvider.m in Sources */ = {isa = PBXBuildFile; fileRef = CE6D178023A27FB700245EBE /* YYZEWTabItemBadgeProvider.m */; };
		CE6D178423A285F600245EBE /* YYZEWTabItemAttributes.m in Sources */ = {isa = PBXBuildFile; fileRef = CE6D178323A285F600245EBE /* YYZEWTabItemAttributes.m */; };
		CE70578623371648001F1D33 /* UIView+YYZAlert.m in Sources */ = {isa = PBXBuildFile; fileRef = CE70578523371648001F1D33 /* UIView+YYZAlert.m */; };
		CE7E918A239FC51000D03354 /* YYZEWTabItemCollectionViewCell.m in Sources */ = {isa = PBXBuildFile; fileRef = CE7E9189239FC51000D03354 /* YYZEWTabItemCollectionViewCell.m */; };
		CE86D90223A3BFE100CEFA98 /* NSLayoutConstraint+YYZAdditional.m in Sources */ = {isa = PBXBuildFile; fileRef = CE86D90123A3BFE100CEFA98 /* NSLayoutConstraint+YYZAdditional.m */; };
		CE8E5170239CC73000E044F9 /* YYZEqualWidthTabView.m in Sources */ = {isa = PBXBuildFile; fileRef = CE8E516F239CC73000E044F9 /* YYZEqualWidthTabView.m */; };
		CE8E5176239CCF8300E044F9 /* YYZEWTabConfiguration.m in Sources */ = {isa = PBXBuildFile; fileRef = CE8E5175239CCF8300E044F9 /* YYZEWTabConfiguration.m */; };
		CE97BB2C237FBC9800036996 /* YYZDevice.m in Sources */ = {isa = PBXBuildFile; fileRef = CE97BB2B237FBC9800036996 /* YYZDevice.m */; };
		CE97BB2F237FC7E100036996 /* UIAlertController+YYZAdditions.m in Sources */ = {isa = PBXBuildFile; fileRef = CE97BB2E237FC7E100036996 /* UIAlertController+YYZAdditions.m */; };
		CEBCC88222E34E4600038041 /* YYZSearchView.m in Sources */ = {isa = PBXBuildFile; fileRef = CEBCC88022E34E4600038041 /* YYZSearchView.m */; };
		CEE12DB222E0AC22008FC702 /* ViewController.m in Sources */ = {isa = PBXBuildFile; fileRef = CEE12DB122E0AC22008FC702 /* ViewController.m */; };
		CEE12DB522E0AC22008FC702 /* Main.storyboard in Resources */ = {isa = PBXBuildFile; fileRef = CEE12DB322E0AC22008FC702 /* Main.storyboard */; };
		CEE12DB722E0AC24008FC702 /* Assets.xcassets in Resources */ = {isa = PBXBuildFile; fileRef = CEE12DB622E0AC24008FC702 /* Assets.xcassets */; };
		CEE12DBA22E0AC24008FC702 /* LaunchScreen.storyboard in Resources */ = {isa = PBXBuildFile; fileRef = CEE12DB822E0AC24008FC702 /* LaunchScreen.storyboard */; };
		CEE12DBD22E0AC24008FC702 /* main.m in Sources */ = {isa = PBXBuildFile; fileRef = CEE12DBC22E0AC24008FC702 /* main.m */; };
		CEE12DC722E0AC24008FC702 /* YYZKitTests.m in Sources */ = {isa = PBXBuildFile; fileRef = CEE12DC622E0AC24008FC702 /* YYZKitTests.m */; };
/* End PBXBuildFile section */

/* Begin PBXContainerItemProxy section */
		CEE12DC322E0AC24008FC702 /* PBXContainerItemProxy */ = {
			isa = PBXContainerItemProxy;
			containerPortal = CEE12DA222E0AC22008FC702 /* Project object */;
			proxyType = 1;
			remoteGlobalIDString = CEE12DA922E0AC22008FC702;
			remoteInfo = YYZKit;
		};
/* End PBXContainerItemProxy section */

/* Begin PBXFileReference section */
		CE0BB91E239688BA0080D7B0 /* OperationPreValidator.h */ = {isa = PBXFileReference; lastKnownFileType = sourcecode.c.h; path = OperationPreValidator.h; sourceTree = "<group>"; };
		CE0BB91F239688BA0080D7B0 /* OperationPreValidator.m */ = {isa = PBXFileReference; lastKnownFileType = sourcecode.c.objc; path = OperationPreValidator.m; sourceTree = "<group>"; };
		CE0BB92123968AB40080D7B0 /* MALoginOperationPreValidator.h */ = {isa = PBXFileReference; lastKnownFileType = sourcecode.c.h; path = MALoginOperationPreValidator.h; sourceTree = "<group>"; };
		CE0BB92223968AB40080D7B0 /* MALoginOperationPreValidator.m */ = {isa = PBXFileReference; lastKnownFileType = sourcecode.c.objc; path = MALoginOperationPreValidator.m; sourceTree = "<group>"; };
		CE0BB9262396946D0080D7B0 /* Director.h */ = {isa = PBXFileReference; lastKnownFileType = sourcecode.c.h; path = Director.h; sourceTree = "<group>"; };
		CE0BB9272396946D0080D7B0 /* Director.m */ = {isa = PBXFileReference; lastKnownFileType = sourcecode.c.objc; path = Director.m; sourceTree = "<group>"; };
		CE0BB92C2396952B0080D7B0 /* Product.h */ = {isa = PBXFileReference; lastKnownFileType = sourcecode.c.h; path = Product.h; sourceTree = "<group>"; };
		CE0BB92D2396952B0080D7B0 /* Product.m */ = {isa = PBXFileReference; lastKnownFileType = sourcecode.c.objc; path = Product.m; sourceTree = "<group>"; };
		CE0BB92F239696340080D7B0 /* ConcreteBuilder.h */ = {isa = PBXFileReference; lastKnownFileType = sourcecode.c.h; path = ConcreteBuilder.h; sourceTree = "<group>"; };
		CE0BB930239696340080D7B0 /* ConcreteBuilder.m */ = {isa = PBXFileReference; lastKnownFileType = sourcecode.c.objc; path = ConcreteBuilder.m; sourceTree = "<group>"; };
		CE0BB932239696960080D7B0 /* Builder.h */ = {isa = PBXFileReference; lastKnownFileType = sourcecode.c.h; path = Builder.h; sourceTree = "<group>"; };
		CE0E050F238266D6002CF6C3 /* YYZKitPrefixHeader.pch */ = {isa = PBXFileReference; lastKnownFileType = sourcecode.c.h; name = YYZKitPrefixHeader.pch; path = YYZKit/YYZKitPrefixHeader.pch; sourceTree = SOURCE_ROOT; };
		CE0E051023826F2E002CF6C3 /* UIViewController+YYZAlert.h */ = {isa = PBXFileReference; lastKnownFileType = sourcecode.c.h; path = "UIViewController+YYZAlert.h"; sourceTree = "<group>"; };
		CE0E051123826F2E002CF6C3 /* UIViewController+YYZAlert.m */ = {isa = PBXFileReference; lastKnownFileType = sourcecode.c.objc; path = "UIViewController+YYZAlert.m"; sourceTree = "<group>"; };
		CE17BC5823372E9900EF070B /* TestView.h */ = {isa = PBXFileReference; lastKnownFileType = sourcecode.c.h; path = TestView.h; sourceTree = "<group>"; };
		CE17BC5923372E9900EF070B /* TestView.m */ = {isa = PBXFileReference; lastKnownFileType = sourcecode.c.objc; path = TestView.m; sourceTree = "<group>"; };
		CE17BC5B23375B6B00EF070B /* InputPasswordView.h */ = {isa = PBXFileReference; lastKnownFileType = sourcecode.c.h; path = InputPasswordView.h; sourceTree = "<group>"; };
		CE17BC5C23375B6B00EF070B /* InputPasswordView.m */ = {isa = PBXFileReference; lastKnownFileType = sourcecode.c.objc; path = InputPasswordView.m; sourceTree = "<group>"; };
		CE22C286237FFB5B00CF7904 /* UIView+YYZLayout.h */ = {isa = PBXFileReference; lastKnownFileType = sourcecode.c.h; path = "UIView+YYZLayout.h"; sourceTree = "<group>"; };
		CE22C287237FFB5B00CF7904 /* UIView+YYZLayout.m */ = {isa = PBXFileReference; lastKnownFileType = sourcecode.c.objc; path = "UIView+YYZLayout.m"; sourceTree = "<group>"; };
		CE45963D2393AB5A00BD16A6 /* YYZAlertBackgroundView.h */ = {isa = PBXFileReference; lastKnownFileType = sourcecode.c.h; path = YYZAlertBackgroundView.h; sourceTree = "<group>"; };
		CE45963E2393AB5A00BD16A6 /* YYZAlertBackgroundView.m */ = {isa = PBXFileReference; lastKnownFileType = sourcecode.c.objc; path = YYZAlertBackgroundView.m; sourceTree = "<group>"; };
		CE45E028231A14FF00DCB5A2 /* YYZDateManager.h */ = {isa = PBXFileReference; lastKnownFileType = sourcecode.c.h; path = YYZDateManager.h; sourceTree = "<group>"; };
		CE45E029231A14FF00DCB5A2 /* YYZDateManager.m */ = {isa = PBXFileReference; lastKnownFileType = sourcecode.c.objc; path = YYZDateManager.m; sourceTree = "<group>"; };
		CE45E02B231A4DB800DCB5A2 /* YYZPathManager.h */ = {isa = PBXFileReference; lastKnownFileType = sourcecode.c.h; path = YYZPathManager.h; sourceTree = "<group>"; };
		CE45E02C231A4DB800DCB5A2 /* YYZPathManager.m */ = {isa = PBXFileReference; lastKnownFileType = sourcecode.c.objc; path = YYZPathManager.m; sourceTree = "<group>"; };
		CE45E02E231A4E3B00DCB5A2 /* NSString+YYZAdditions.h */ = {isa = PBXFileReference; lastKnownFileType = sourcecode.c.h; path = "NSString+YYZAdditions.h"; sourceTree = "<group>"; };
		CE45E02F231A4E3B00DCB5A2 /* NSString+YYZAdditions.m */ = {isa = PBXFileReference; lastKnownFileType = sourcecode.c.objc; path = "NSString+YYZAdditions.m"; sourceTree = "<group>"; };
		CE45E031231A624D00DCB5A2 /* YYZGradientView.h */ = {isa = PBXFileReference; lastKnownFileType = sourcecode.c.h; path = YYZGradientView.h; sourceTree = "<group>"; };
		CE45E032231A624D00DCB5A2 /* YYZGradientView.m */ = {isa = PBXFileReference; lastKnownFileType = sourcecode.c.objc; path = YYZGradientView.m; sourceTree = "<group>"; };
		CE45E034231A6DCE00DCB5A2 /* NSData+YYZGZIP.h */ = {isa = PBXFileReference; lastKnownFileType = sourcecode.c.h; path = "NSData+YYZGZIP.h"; sourceTree = "<group>"; };
		CE45E035231A6DCE00DCB5A2 /* NSData+YYZGZIP.m */ = {isa = PBXFileReference; lastKnownFileType = sourcecode.c.objc; path = "NSData+YYZGZIP.m"; sourceTree = "<group>"; };
		CE545B8D231273020063BAF1 /* YYZAppMonitor.h */ = {isa = PBXFileReference; lastKnownFileType = sourcecode.c.h; path = YYZAppMonitor.h; sourceTree = "<group>"; };
		CE545B8E231273020063BAF1 /* YYZAppMonitor.m */ = {isa = PBXFileReference; lastKnownFileType = sourcecode.c.objc; path = YYZAppMonitor.m; sourceTree = "<group>"; };
		CE545B9023127ED40063BAF1 /* YYZTimerHolder.h */ = {isa = PBXFileReference; lastKnownFileType = sourcecode.c.h; path = YYZTimerHolder.h; sourceTree = "<group>"; };
		CE545B9123127ED40063BAF1 /* YYZTimerHolder.m */ = {isa = PBXFileReference; lastKnownFileType = sourcecode.c.objc; path = YYZTimerHolder.m; sourceTree = "<group>"; };
		CE545B9323127F060063BAF1 /* YYZKeyboardMonitor.h */ = {isa = PBXFileReference; lastKnownFileType = sourcecode.c.h; path = YYZKeyboardMonitor.h; sourceTree = "<group>"; };
		CE545B9423127F060063BAF1 /* YYZKeyboardMonitor.m */ = {isa = PBXFileReference; lastKnownFileType = sourcecode.c.objc; path = YYZKeyboardMonitor.m; sourceTree = "<group>"; };
		CE545B9623129DFE0063BAF1 /* TestViewController.h */ = {isa = PBXFileReference; lastKnownFileType = sourcecode.c.h; path = TestViewController.h; sourceTree = "<group>"; };
		CE545B9723129DFE0063BAF1 /* TestViewController.m */ = {isa = PBXFileReference; lastKnownFileType = sourcecode.c.objc; path = TestViewController.m; sourceTree = "<group>"; };
		CE545B9C2312A4100063BAF1 /* UIView+YYZNibLoading.h */ = {isa = PBXFileReference; lastKnownFileType = sourcecode.c.h; path = "UIView+YYZNibLoading.h"; sourceTree = "<group>"; };
		CE545B9D2312A4100063BAF1 /* UIView+YYZNibLoading.m */ = {isa = PBXFileReference; lastKnownFileType = sourcecode.c.objc; path = "UIView+YYZNibLoading.m"; sourceTree = "<group>"; };
		CE545BA72312B5FA0063BAF1 /* UIViewController+YYZNibLoading.h */ = {isa = PBXFileReference; lastKnownFileType = sourcecode.c.h; path = "UIViewController+YYZNibLoading.h"; sourceTree = "<group>"; };
		CE545BA82312B5FA0063BAF1 /* UIViewController+YYZNibLoading.m */ = {isa = PBXFileReference; lastKnownFileType = sourcecode.c.objc; path = "UIViewController+YYZNibLoading.m"; sourceTree = "<group>"; };
		CE545BAD2312C7D70063BAF1 /* YYZKitAppDelegate.h */ = {isa = PBXFileReference; lastKnownFileType = sourcecode.c.h; path = YYZKitAppDelegate.h; sourceTree = "<group>"; };
		CE545BAE2312C7D70063BAF1 /* YYZKitAppDelegate.m */ = {isa = PBXFileReference; lastKnownFileType = sourcecode.c.objc; path = YYZKitAppDelegate.m; sourceTree = "<group>"; };
		CE62563E22F440B100F1C494 /* YYZPhotoManager.h */ = {isa = PBXFileReference; lastKnownFileType = sourcecode.c.h; path = YYZPhotoManager.h; sourceTree = "<group>"; };
		CE62563F22F440B100F1C494 /* YYZPhotoManager.m */ = {isa = PBXFileReference; lastKnownFileType = sourcecode.c.objc; path = YYZPhotoManager.m; sourceTree = "<group>"; };
		CE69601A2338F851008220F5 /* UIColor+YYZAdditions.m */ = {isa = PBXFileReference; fileEncoding = 4; lastKnownFileType = sourcecode.c.objc; path = "UIColor+YYZAdditions.m"; sourceTree = "<group>"; };
		CE69601B2338F851008220F5 /* UIColor+YYZAdditions.h */ = {isa = PBXFileReference; fileEncoding = 4; lastKnownFileType = sourcecode.c.h; path = "UIColor+YYZAdditions.h"; sourceTree = "<group>"; };
		CE6D177F23A27FB700245EBE /* YYZEWTabItemBadgeProvider.h */ = {isa = PBXFileReference; lastKnownFileType = sourcecode.c.h; path = YYZEWTabItemBadgeProvider.h; sourceTree = "<group>"; };
		CE6D178023A27FB700245EBE /* YYZEWTabItemBadgeProvider.m */ = {isa = PBXFileReference; lastKnownFileType = sourcecode.c.objc; path = YYZEWTabItemBadgeProvider.m; sourceTree = "<group>"; };
		CE6D178223A285F600245EBE /* YYZEWTabItemAttributes.h */ = {isa = PBXFileReference; lastKnownFileType = sourcecode.c.h; path = YYZEWTabItemAttributes.h; sourceTree = "<group>"; };
		CE6D178323A285F600245EBE /* YYZEWTabItemAttributes.m */ = {isa = PBXFileReference; lastKnownFileType = sourcecode.c.objc; path = YYZEWTabItemAttributes.m; sourceTree = "<group>"; };
		CE70578423371648001F1D33 /* UIView+YYZAlert.h */ = {isa = PBXFileReference; lastKnownFileType = sourcecode.c.h; path = "UIView+YYZAlert.h"; sourceTree = "<group>"; };
		CE70578523371648001F1D33 /* UIView+YYZAlert.m */ = {isa = PBXFileReference; lastKnownFileType = sourcecode.c.objc; path = "UIView+YYZAlert.m"; sourceTree = "<group>"; };
		CE7E9188239FC51000D03354 /* YYZEWTabItemCollectionViewCell.h */ = {isa = PBXFileReference; lastKnownFileType = sourcecode.c.h; path = YYZEWTabItemCollectionViewCell.h; sourceTree = "<group>"; };
		CE7E9189239FC51000D03354 /* YYZEWTabItemCollectionViewCell.m */ = {isa = PBXFileReference; lastKnownFileType = sourcecode.c.objc; path = YYZEWTabItemCollectionViewCell.m; sourceTree = "<group>"; };
		CE86D90023A3BFE100CEFA98 /* NSLayoutConstraint+YYZAdditional.h */ = {isa = PBXFileReference; lastKnownFileType = sourcecode.c.h; path = "NSLayoutConstraint+YYZAdditional.h"; sourceTree = "<group>"; };
		CE86D90123A3BFE100CEFA98 /* NSLayoutConstraint+YYZAdditional.m */ = {isa = PBXFileReference; lastKnownFileType = sourcecode.c.objc; path = "NSLayoutConstraint+YYZAdditional.m"; sourceTree = "<group>"; };
		CE8E516E239CC73000E044F9 /* YYZEqualWidthTabView.h */ = {isa = PBXFileReference; lastKnownFileType = sourcecode.c.h; path = YYZEqualWidthTabView.h; sourceTree = "<group>"; };
		CE8E516F239CC73000E044F9 /* YYZEqualWidthTabView.m */ = {isa = PBXFileReference; lastKnownFileType = sourcecode.c.objc; path = YYZEqualWidthTabView.m; sourceTree = "<group>"; };
		CE8E5174239CCF8300E044F9 /* YYZEWTabConfiguration.h */ = {isa = PBXFileReference; lastKnownFileType = sourcecode.c.h; path = YYZEWTabConfiguration.h; sourceTree = "<group>"; };
		CE8E5175239CCF8300E044F9 /* YYZEWTabConfiguration.m */ = {isa = PBXFileReference; lastKnownFileType = sourcecode.c.objc; path = YYZEWTabConfiguration.m; sourceTree = "<group>"; };
		CE97BB2A237FBC9800036996 /* YYZDevice.h */ = {isa = PBXFileReference; lastKnownFileType = sourcecode.c.h; path = YYZDevice.h; sourceTree = "<group>"; };
		CE97BB2B237FBC9800036996 /* YYZDevice.m */ = {isa = PBXFileReference; lastKnownFileType = sourcecode.c.objc; path = YYZDevice.m; sourceTree = "<group>"; };
		CE97BB2D237FC7E100036996 /* UIAlertController+YYZAdditions.h */ = {isa = PBXFileReference; lastKnownFileType = sourcecode.c.h; path = "UIAlertController+YYZAdditions.h"; sourceTree = "<group>"; };
		CE97BB2E237FC7E100036996 /* UIAlertController+YYZAdditions.m */ = {isa = PBXFileReference; lastKnownFileType = sourcecode.c.objc; path = "UIAlertController+YYZAdditions.m"; sourceTree = "<group>"; };
		CEBCC88022E34E4600038041 /* YYZSearchView.m */ = {isa = PBXFileReference; fileEncoding = 4; lastKnownFileType = sourcecode.c.objc; path = YYZSearchView.m; sourceTree = "<group>"; };
		CEBCC88122E34E4600038041 /* YYZSearchView.h */ = {isa = PBXFileReference; fileEncoding = 4; lastKnownFileType = sourcecode.c.h; path = YYZSearchView.h; sourceTree = "<group>"; };
		CEE12DAA22E0AC22008FC702 /* YYZKit.app */ = {isa = PBXFileReference; explicitFileType = wrapper.application; includeInIndex = 0; path = YYZKit.app; sourceTree = BUILT_PRODUCTS_DIR; };
		CEE12DB022E0AC22008FC702 /* ViewController.h */ = {isa = PBXFileReference; lastKnownFileType = sourcecode.c.h; path = ViewController.h; sourceTree = "<group>"; };
		CEE12DB122E0AC22008FC702 /* ViewController.m */ = {isa = PBXFileReference; lastKnownFileType = sourcecode.c.objc; path = ViewController.m; sourceTree = "<group>"; };
		CEE12DB422E0AC22008FC702 /* Base */ = {isa = PBXFileReference; lastKnownFileType = file.storyboard; name = Base; path = Base.lproj/Main.storyboard; sourceTree = "<group>"; };
		CEE12DB622E0AC24008FC702 /* Assets.xcassets */ = {isa = PBXFileReference; lastKnownFileType = folder.assetcatalog; path = Assets.xcassets; sourceTree = "<group>"; };
		CEE12DB922E0AC24008FC702 /* Base */ = {isa = PBXFileReference; lastKnownFileType = file.storyboard; name = Base; path = Base.lproj/LaunchScreen.storyboard; sourceTree = "<group>"; };
		CEE12DBB22E0AC24008FC702 /* Info.plist */ = {isa = PBXFileReference; lastKnownFileType = text.plist.xml; path = Info.plist; sourceTree = "<group>"; };
		CEE12DBC22E0AC24008FC702 /* main.m */ = {isa = PBXFileReference; lastKnownFileType = sourcecode.c.objc; path = main.m; sourceTree = "<group>"; };
		CEE12DC222E0AC24008FC702 /* YYZKitTests.xctest */ = {isa = PBXFileReference; explicitFileType = wrapper.cfbundle; includeInIndex = 0; path = YYZKitTests.xctest; sourceTree = BUILT_PRODUCTS_DIR; };
		CEE12DC622E0AC24008FC702 /* YYZKitTests.m */ = {isa = PBXFileReference; lastKnownFileType = sourcecode.c.objc; path = YYZKitTests.m; sourceTree = "<group>"; };
		CEE12DC822E0AC24008FC702 /* Info.plist */ = {isa = PBXFileReference; lastKnownFileType = text.plist.xml; path = Info.plist; sourceTree = "<group>"; };
		CEE12DD222E0AF6E008FC702 /* YYZKitHeader.h */ = {isa = PBXFileReference; lastKnownFileType = sourcecode.c.h; path = YYZKitHeader.h; sourceTree = "<group>"; };
		CEE12DD622E0B0FF008FC702 /* YYZAssertNotEmpty.h */ = {isa = PBXFileReference; lastKnownFileType = sourcecode.c.h; path = YYZAssertNotEmpty.h; sourceTree = "<group>"; };
		CEE12DD822E0B256008FC702 /* YYZKitDefines.h */ = {isa = PBXFileReference; lastKnownFileType = sourcecode.c.h; path = YYZKitDefines.h; sourceTree = "<group>"; };
/* End PBXFileReference section */

/* Begin PBXFrameworksBuildPhase section */
		CEE12DA722E0AC22008FC702 /* Frameworks */ = {
			isa = PBXFrameworksBuildPhase;
			buildActionMask = 2147483647;
			files = (
			);
			runOnlyForDeploymentPostprocessing = 0;
		};
		CEE12DBF22E0AC24008FC702 /* Frameworks */ = {
			isa = PBXFrameworksBuildPhase;
			buildActionMask = 2147483647;
			files = (
			);
			runOnlyForDeploymentPostprocessing = 0;
		};
/* End PBXFrameworksBuildPhase section */

/* Begin PBXGroup section */
		CE0BB92423968ED40080D7B0 /* 策略模式 */ = {
			isa = PBXGroup;
			children = (
				CE0BB91E239688BA0080D7B0 /* OperationPreValidator.h */,
				CE0BB91F239688BA0080D7B0 /* OperationPreValidator.m */,
				CE0BB92123968AB40080D7B0 /* MALoginOperationPreValidator.h */,
				CE0BB92223968AB40080D7B0 /* MALoginOperationPreValidator.m */,
			);
			path = "策略模式";
			sourceTree = "<group>";
		};
		CE0BB9252396941E0080D7B0 /* 生成器模式 */ = {
			isa = PBXGroup;
			children = (
				CE0BB93323969BB30080D7B0 /* Example */,
				CE0BB9262396946D0080D7B0 /* Director.h */,
				CE0BB9272396946D0080D7B0 /* Director.m */,
				CE0BB932239696960080D7B0 /* Builder.h */,
				CE0BB92C2396952B0080D7B0 /* Product.h */,
				CE0BB92D2396952B0080D7B0 /* Product.m */,
				CE0BB92F239696340080D7B0 /* ConcreteBuilder.h */,
				CE0BB930239696340080D7B0 /* ConcreteBuilder.m */,
			);
			path = "生成器模式";
			sourceTree = "<group>";
		};
		CE0BB93323969BB30080D7B0 /* Example */ = {
			isa = PBXGroup;
			children = (
			);
			path = Example;
			sourceTree = "<group>";
		};
		CE545B8B231271B20063BAF1 /* UIKit */ = {
			isa = PBXGroup;
			children = (
				CE97BB2D237FC7E100036996 /* UIAlertController+YYZAdditions.h */,
				CE97BB2E237FC7E100036996 /* UIAlertController+YYZAdditions.m */,
				CE69601B2338F851008220F5 /* UIColor+YYZAdditions.h */,
				CE69601A2338F851008220F5 /* UIColor+YYZAdditions.m */,
				CE70578423371648001F1D33 /* UIView+YYZAlert.h */,
				CE70578523371648001F1D33 /* UIView+YYZAlert.m */,
				CE22C286237FFB5B00CF7904 /* UIView+YYZLayout.h */,
				CE22C287237FFB5B00CF7904 /* UIView+YYZLayout.m */,
				CE545B9C2312A4100063BAF1 /* UIView+YYZNibLoading.h */,
				CE545B9D2312A4100063BAF1 /* UIView+YYZNibLoading.m */,
				CE0E051023826F2E002CF6C3 /* UIViewController+YYZAlert.h */,
				CE0E051123826F2E002CF6C3 /* UIViewController+YYZAlert.m */,
				CE545BA72312B5FA0063BAF1 /* UIViewController+YYZNibLoading.h */,
				CE545BA82312B5FA0063BAF1 /* UIViewController+YYZNibLoading.m */,
				CE45E031231A624D00DCB5A2 /* YYZGradientView.h */,
				CE45E032231A624D00DCB5A2 /* YYZGradientView.m */,
				CEBCC88122E34E4600038041 /* YYZSearchView.h */,
				CEBCC88022E34E4600038041 /* YYZSearchView.m */,
			);
			path = UIKit;
			sourceTree = "<group>";
		};
		CE545B8C231271E20063BAF1 /* Foundation */ = {
			isa = PBXGroup;
			children = (
				CE45E034231A6DCE00DCB5A2 /* NSData+YYZGZIP.h */,
				CE45E035231A6DCE00DCB5A2 /* NSData+YYZGZIP.m */,
				CE45E02E231A4E3B00DCB5A2 /* NSString+YYZAdditions.h */,
				CE45E02F231A4E3B00DCB5A2 /* NSString+YYZAdditions.m */,
				CE545B8D231273020063BAF1 /* YYZAppMonitor.h */,
				CE545B8E231273020063BAF1 /* YYZAppMonitor.m */,
				CEE12DD622E0B0FF008FC702 /* YYZAssertNotEmpty.h */,
				CE45E028231A14FF00DCB5A2 /* YYZDateManager.h */,
				CE45E029231A14FF00DCB5A2 /* YYZDateManager.m */,
				CE545B9323127F060063BAF1 /* YYZKeyboardMonitor.h */,
				CE545B9423127F060063BAF1 /* YYZKeyboardMonitor.m */,
				CEE12DD822E0B256008FC702 /* YYZKitDefines.h */,
				CE45E02B231A4DB800DCB5A2 /* YYZPathManager.h */,
				CE45E02C231A4DB800DCB5A2 /* YYZPathManager.m */,
				CE62563E22F440B100F1C494 /* YYZPhotoManager.h */,
				CE62563F22F440B100F1C494 /* YYZPhotoManager.m */,
				CE545B9023127ED40063BAF1 /* YYZTimerHolder.h */,
				CE545B9123127ED40063BAF1 /* YYZTimerHolder.m */,
				CE97BB2A237FBC9800036996 /* YYZDevice.h */,
				CE97BB2B237FBC9800036996 /* YYZDevice.m */,
			);
			path = Foundation;
			sourceTree = "<group>";
		};
		CEE12DA122E0AC22008FC702 = {
			isa = PBXGroup;
			children = (
				CEE12DD122E0AF01008FC702 /* Classes */,
				CEE12DAC22E0AC22008FC702 /* YYZKit */,
				CEE12DC522E0AC24008FC702 /* YYZKitTests */,
				CEE12DAB22E0AC22008FC702 /* Products */,
			);
			sourceTree = "<group>";
		};
		CEE12DAB22E0AC22008FC702 /* Products */ = {
			isa = PBXGroup;
			children = (
				CEE12DAA22E0AC22008FC702 /* YYZKit.app */,
				CEE12DC222E0AC24008FC702 /* YYZKitTests.xctest */,
			);
			name = Products;
			sourceTree = "<group>";
		};
		CEE12DAC22E0AC22008FC702 /* YYZKit */ = {
			isa = PBXGroup;
			children = (
				CE545BAD2312C7D70063BAF1 /* YYZKitAppDelegate.h */,
				CE545BAE2312C7D70063BAF1 /* YYZKitAppDelegate.m */,
				CEE12DB022E0AC22008FC702 /* ViewController.h */,
				CEE12DB122E0AC22008FC702 /* ViewController.m */,
				CE8E516E239CC73000E044F9 /* YYZEqualWidthTabView.h */,
				CE8E516F239CC73000E044F9 /* YYZEqualWidthTabView.m */,
				CE8E5174239CCF8300E044F9 /* YYZEWTabConfiguration.h */,
				CE8E5175239CCF8300E044F9 /* YYZEWTabConfiguration.m */,
				CE6D177F23A27FB700245EBE /* YYZEWTabItemBadgeProvider.h */,
				CE6D178023A27FB700245EBE /* YYZEWTabItemBadgeProvider.m */,
				CE6D178223A285F600245EBE /* YYZEWTabItemAttributes.h */,
				CE6D178323A285F600245EBE /* YYZEWTabItemAttributes.m */,
				CE7E9188239FC51000D03354 /* YYZEWTabItemCollectionViewCell.h */,
				CE7E9189239FC51000D03354 /* YYZEWTabItemCollectionViewCell.m */,
				CE86D90023A3BFE100CEFA98 /* NSLayoutConstraint+YYZAdditional.h */,
				CE86D90123A3BFE100CEFA98 /* NSLayoutConstraint+YYZAdditional.m */,
				CE545B9623129DFE0063BAF1 /* TestViewController.h */,
				CE545B9723129DFE0063BAF1 /* TestViewController.m */,
				CE17BC5B23375B6B00EF070B /* InputPasswordView.h */,
				CE17BC5C23375B6B00EF070B /* InputPasswordView.m */,
				CE0BB92423968ED40080D7B0 /* 策略模式 */,
				CE0BB9252396941E0080D7B0 /* 生成器模式 */,
				CE17BC5823372E9900EF070B /* TestView.h */,
				CE17BC5923372E9900EF070B /* TestView.m */,
				CE45963D2393AB5A00BD16A6 /* YYZAlertBackgroundView.h */,
				CE45963E2393AB5A00BD16A6 /* YYZAlertBackgroundView.m */,
				CEE12DB322E0AC22008FC702 /* Main.storyboard */,
				CEE12DB622E0AC24008FC702 /* Assets.xcassets */,
				CEE12DB822E0AC24008FC702 /* LaunchScreen.storyboard */,
				CEE12DBB22E0AC24008FC702 /* Info.plist */,
				CEE12DBC22E0AC24008FC702 /* main.m */,
				CE0E050F238266D6002CF6C3 /* YYZKitPrefixHeader.pch */,
			);
			path = YYZKit;
			sourceTree = "<group>";
		};
		CEE12DC522E0AC24008FC702 /* YYZKitTests */ = {
			isa = PBXGroup;
			children = (
				CEE12DC622E0AC24008FC702 /* YYZKitTests.m */,
				CEE12DC822E0AC24008FC702 /* Info.plist */,
			);
			path = YYZKitTests;
			sourceTree = "<group>";
		};
		CEE12DD122E0AF01008FC702 /* Classes */ = {
			isa = PBXGroup;
			children = (
				CEE12DD222E0AF6E008FC702 /* YYZKitHeader.h */,
				CE545B8C231271E20063BAF1 /* Foundation */,
				CE545B8B231271B20063BAF1 /* UIKit */,
			);
			path = Classes;
			sourceTree = "<group>";
		};
/* End PBXGroup section */

/* Begin PBXNativeTarget section */
		CEE12DA922E0AC22008FC702 /* YYZKit */ = {
			isa = PBXNativeTarget;
			buildConfigurationList = CEE12DCB22E0AC24008FC702 /* Build configuration list for PBXNativeTarget "YYZKit" */;
			buildPhases = (
				CEE12DA622E0AC22008FC702 /* Sources */,
				CEE12DA722E0AC22008FC702 /* Frameworks */,
				CEE12DA822E0AC22008FC702 /* Resources */,
			);
			buildRules = (
			);
			dependencies = (
			);
			name = YYZKit;
			productName = YYZKit;
			productReference = CEE12DAA22E0AC22008FC702 /* YYZKit.app */;
			productType = "com.apple.product-type.application";
		};
		CEE12DC122E0AC24008FC702 /* YYZKitTests */ = {
			isa = PBXNativeTarget;
			buildConfigurationList = CEE12DCE22E0AC24008FC702 /* Build configuration list for PBXNativeTarget "YYZKitTests" */;
			buildPhases = (
				CEE12DBE22E0AC24008FC702 /* Sources */,
				CEE12DBF22E0AC24008FC702 /* Frameworks */,
				CEE12DC022E0AC24008FC702 /* Resources */,
			);
			buildRules = (
			);
			dependencies = (
				CEE12DC422E0AC24008FC702 /* PBXTargetDependency */,
			);
			name = YYZKitTests;
			productName = YYZKitTests;
			productReference = CEE12DC222E0AC24008FC702 /* YYZKitTests.xctest */;
			productType = "com.apple.product-type.bundle.unit-test";
		};
/* End PBXNativeTarget section */

/* Begin PBXProject section */
		CEE12DA222E0AC22008FC702 /* Project object */ = {
			isa = PBXProject;
			attributes = {
				LastUpgradeCheck = 1000;
				ORGANIZATIONNAME = yoger;
				TargetAttributes = {
					CEE12DA922E0AC22008FC702 = {
						CreatedOnToolsVersion = 10.0;
						SystemCapabilities = {
							com.apple.Keychain = {
								enabled = 0;
							};
						};
					};
					CEE12DC122E0AC24008FC702 = {
						CreatedOnToolsVersion = 10.0;
						TestTargetID = CEE12DA922E0AC22008FC702;
					};
				};
			};
			buildConfigurationList = CEE12DA522E0AC22008FC702 /* Build configuration list for PBXProject "YYZKit" */;
			compatibilityVersion = "Xcode 9.3";
			developmentRegion = en;
			hasScannedForEncodings = 0;
			knownRegions = (
				en,
				Base,
			);
			mainGroup = CEE12DA122E0AC22008FC702;
			productRefGroup = CEE12DAB22E0AC22008FC702 /* Products */;
			projectDirPath = "";
			projectRoot = "";
			targets = (
				CEE12DA922E0AC22008FC702 /* YYZKit */,
				CEE12DC122E0AC24008FC702 /* YYZKitTests */,
			);
		};
/* End PBXProject section */

/* Begin PBXResourcesBuildPhase section */
		CEE12DA822E0AC22008FC702 /* Resources */ = {
			isa = PBXResourcesBuildPhase;
			buildActionMask = 2147483647;
			files = (
				CEE12DBA22E0AC24008FC702 /* LaunchScreen.storyboard in Resources */,
				CEE12DB722E0AC24008FC702 /* Assets.xcassets in Resources */,
				CEE12DB522E0AC22008FC702 /* Main.storyboard in Resources */,
			);
			runOnlyForDeploymentPostprocessing = 0;
		};
		CEE12DC022E0AC24008FC702 /* Resources */ = {
			isa = PBXResourcesBuildPhase;
			buildActionMask = 2147483647;
			files = (
			);
			runOnlyForDeploymentPostprocessing = 0;
		};
/* End PBXResourcesBuildPhase section */

/* Begin PBXSourcesBuildPhase section */
		CEE12DA622E0AC22008FC702 /* Sources */ = {
			isa = PBXSourcesBuildPhase;
			buildActionMask = 2147483647;
			files = (
				CE45E030231A4E3B00DCB5A2 /* NSString+YYZAdditions.m in Sources */,
				CEE12DBD22E0AC24008FC702 /* main.m in Sources */,
				CE6D178123A27FB700245EBE /* YYZEWTabItemBadgeProvider.m in Sources */,
				CE0BB92323968AB40080D7B0 /* MALoginOperationPreValidator.m in Sources */,
				CE45963F2393AB5A00BD16A6 /* YYZAlertBackgroundView.m in Sources */,
				CE7E918A239FC51000D03354 /* YYZEWTabItemCollectionViewCell.m in Sources */,
				CE0BB931239696340080D7B0 /* ConcreteBuilder.m in Sources */,
				CE97BB2F237FC7E100036996 /* UIAlertController+YYZAdditions.m in Sources */,
				CE545B9E2312A4100063BAF1 /* UIView+YYZNibLoading.m in Sources */,
				CE45E036231A6DCE00DCB5A2 /* NSData+YYZGZIP.m in Sources */,
				CE0BB920239688BA0080D7B0 /* OperationPreValidator.m in Sources */,
				CE17BC5D23375B6B00EF070B /* InputPasswordView.m in Sources */,
				CE70578623371648001F1D33 /* UIView+YYZAlert.m in Sources */,
				CE86D90223A3BFE100CEFA98 /* NSLayoutConstraint+YYZAdditional.m in Sources */,
				CE22C288237FFB5B00CF7904 /* UIView+YYZLayout.m in Sources */,
				CE8E5176239CCF8300E044F9 /* YYZEWTabConfiguration.m in Sources */,
				CEE12DB222E0AC22008FC702 /* ViewController.m in Sources */,
				CE45E02D231A4DB800DCB5A2 /* YYZPathManager.m in Sources */,
				CE97BB2C237FBC9800036996 /* YYZDevice.m in Sources */,
				CE69601D2338F851008220F5 /* UIColor+YYZAdditions.m in Sources */,
				CE62564022F440B100F1C494 /* YYZPhotoManager.m in Sources */,
				CE545B9523127F060063BAF1 /* YYZKeyboardMonitor.m in Sources */,
				CEBCC88222E34E4600038041 /* YYZSearchView.m in Sources */,
				CE45E02A231A14FF00DCB5A2 /* YYZDateManager.m in Sources */,
				CE545B9823129DFE0063BAF1 /* TestViewController.m in Sources */,
				CE0BB92E2396952B0080D7B0 /* Product.m in Sources */,
				CE17BC5A23372E9900EF070B /* TestView.m in Sources */,
				CE8E5170239CC73000E044F9 /* YYZEqualWidthTabView.m in Sources */,
				CE545BAF2312C7D70063BAF1 /* YYZKitAppDelegate.m in Sources */,
				CE545B9223127ED40063BAF1 /* YYZTimerHolder.m in Sources */,
				CE6D178423A285F600245EBE /* YYZEWTabItemAttributes.m in Sources */,
				CE545BA92312B5FA0063BAF1 /* UIViewController+YYZNibLoading.m in Sources */,
				CE545B8F231273020063BAF1 /* YYZAppMonitor.m in Sources */,
				CE0BB9282396946D0080D7B0 /* Director.m in Sources */,
				CE0E051223826F2E002CF6C3 /* UIViewController+YYZAlert.m in Sources */,
				CE45E033231A624D00DCB5A2 /* YYZGradientView.m in Sources */,
			);
			runOnlyForDeploymentPostprocessing = 0;
		};
		CEE12DBE22E0AC24008FC702 /* Sources */ = {
			isa = PBXSourcesBuildPhase;
			buildActionMask = 2147483647;
			files = (
				CEE12DC722E0AC24008FC702 /* YYZKitTests.m in Sources */,
			);
			runOnlyForDeploymentPostprocessing = 0;
		};
/* End PBXSourcesBuildPhase section */

/* Begin PBXTargetDependency section */
		CEE12DC422E0AC24008FC702 /* PBXTargetDependency */ = {
			isa = PBXTargetDependency;
			target = CEE12DA922E0AC22008FC702 /* YYZKit */;
			targetProxy = CEE12DC322E0AC24008FC702 /* PBXContainerItemProxy */;
		};
/* End PBXTargetDependency section */

/* Begin PBXVariantGroup section */
		CEE12DB322E0AC22008FC702 /* Main.storyboard */ = {
			isa = PBXVariantGroup;
			children = (
				CEE12DB422E0AC22008FC702 /* Base */,
			);
			name = Main.storyboard;
			sourceTree = "<group>";
		};
		CEE12DB822E0AC24008FC702 /* LaunchScreen.storyboard */ = {
			isa = PBXVariantGroup;
			children = (
				CEE12DB922E0AC24008FC702 /* Base */,
			);
			name = LaunchScreen.storyboard;
			sourceTree = "<group>";
		};
/* End PBXVariantGroup section */

/* Begin XCBuildConfiguration section */
		CEE12DC922E0AC24008FC702 /* Debug */ = {
			isa = XCBuildConfiguration;
			buildSettings = {
				ALWAYS_SEARCH_USER_PATHS = NO;
				CLANG_ANALYZER_NONNULL = YES;
				CLANG_ANALYZER_NUMBER_OBJECT_CONVERSION = YES_AGGRESSIVE;
				CLANG_CXX_LANGUAGE_STANDARD = "gnu++14";
				CLANG_CXX_LIBRARY = "libc++";
				CLANG_ENABLE_MODULES = YES;
				CLANG_ENABLE_OBJC_ARC = YES;
				CLANG_ENABLE_OBJC_WEAK = YES;
				CLANG_WARN_BLOCK_CAPTURE_AUTORELEASING = YES;
				CLANG_WARN_BOOL_CONVERSION = YES;
				CLANG_WARN_COMMA = YES;
				CLANG_WARN_CONSTANT_CONVERSION = YES;
				CLANG_WARN_DEPRECATED_OBJC_IMPLEMENTATIONS = YES;
				CLANG_WARN_DIRECT_OBJC_ISA_USAGE = YES_ERROR;
				CLANG_WARN_DOCUMENTATION_COMMENTS = YES;
				CLANG_WARN_EMPTY_BODY = YES;
				CLANG_WARN_ENUM_CONVERSION = YES;
				CLANG_WARN_INFINITE_RECURSION = YES;
				CLANG_WARN_INT_CONVERSION = YES;
				CLANG_WARN_NON_LITERAL_NULL_CONVERSION = YES;
				CLANG_WARN_OBJC_IMPLICIT_RETAIN_SELF = YES;
				CLANG_WARN_OBJC_LITERAL_CONVERSION = YES;
				CLANG_WARN_OBJC_ROOT_CLASS = YES_ERROR;
				CLANG_WARN_RANGE_LOOP_ANALYSIS = YES;
				CLANG_WARN_STRICT_PROTOTYPES = YES;
				CLANG_WARN_SUSPICIOUS_MOVE = YES;
				CLANG_WARN_UNGUARDED_AVAILABILITY = YES_AGGRESSIVE;
				CLANG_WARN_UNREACHABLE_CODE = YES;
				CLANG_WARN__DUPLICATE_METHOD_MATCH = YES;
				CODE_SIGN_IDENTITY = "iPhone Developer";
				COPY_PHASE_STRIP = NO;
				DEBUG_INFORMATION_FORMAT = dwarf;
				ENABLE_STRICT_OBJC_MSGSEND = YES;
				ENABLE_TESTABILITY = YES;
				GCC_C_LANGUAGE_STANDARD = gnu11;
				GCC_DYNAMIC_NO_PIC = NO;
				GCC_NO_COMMON_BLOCKS = YES;
				GCC_OPTIMIZATION_LEVEL = 0;
				GCC_PREPROCESSOR_DEFINITIONS = (
					"DEBUG=1",
					"$(inherited)",
				);
				GCC_WARN_64_TO_32_BIT_CONVERSION = YES;
				GCC_WARN_ABOUT_RETURN_TYPE = YES_ERROR;
				GCC_WARN_UNDECLARED_SELECTOR = YES;
				GCC_WARN_UNINITIALIZED_AUTOS = YES_AGGRESSIVE;
				GCC_WARN_UNUSED_FUNCTION = YES;
				GCC_WARN_UNUSED_VARIABLE = YES;
				IPHONEOS_DEPLOYMENT_TARGET = 8.0;
				MTL_ENABLE_DEBUG_INFO = INCLUDE_SOURCE;
				MTL_FAST_MATH = YES;
				ONLY_ACTIVE_ARCH = YES;
				SDKROOT = iphoneos;
			};
			name = Debug;
		};
		CEE12DCA22E0AC24008FC702 /* Release */ = {
			isa = XCBuildConfiguration;
			buildSettings = {
				ALWAYS_SEARCH_USER_PATHS = NO;
				CLANG_ANALYZER_NONNULL = YES;
				CLANG_ANALYZER_NUMBER_OBJECT_CONVERSION = YES_AGGRESSIVE;
				CLANG_CXX_LANGUAGE_STANDARD = "gnu++14";
				CLANG_CXX_LIBRARY = "libc++";
				CLANG_ENABLE_MODULES = YES;
				CLANG_ENABLE_OBJC_ARC = YES;
				CLANG_ENABLE_OBJC_WEAK = YES;
				CLANG_WARN_BLOCK_CAPTURE_AUTORELEASING = YES;
				CLANG_WARN_BOOL_CONVERSION = YES;
				CLANG_WARN_COMMA = YES;
				CLANG_WARN_CONSTANT_CONVERSION = YES;
				CLANG_WARN_DEPRECATED_OBJC_IMPLEMENTATIONS = YES;
				CLANG_WARN_DIRECT_OBJC_ISA_USAGE = YES_ERROR;
				CLANG_WARN_DOCUMENTATION_COMMENTS = YES;
				CLANG_WARN_EMPTY_BODY = YES;
				CLANG_WARN_ENUM_CONVERSION = YES;
				CLANG_WARN_INFINITE_RECURSION = YES;
				CLANG_WARN_INT_CONVERSION = YES;
				CLANG_WARN_NON_LITERAL_NULL_CONVERSION = YES;
				CLANG_WARN_OBJC_IMPLICIT_RETAIN_SELF = YES;
				CLANG_WARN_OBJC_LITERAL_CONVERSION = YES;
				CLANG_WARN_OBJC_ROOT_CLASS = YES_ERROR;
				CLANG_WARN_RANGE_LOOP_ANALYSIS = YES;
				CLANG_WARN_STRICT_PROTOTYPES = YES;
				CLANG_WARN_SUSPICIOUS_MOVE = YES;
				CLANG_WARN_UNGUARDED_AVAILABILITY = YES_AGGRESSIVE;
				CLANG_WARN_UNREACHABLE_CODE = YES;
				CLANG_WARN__DUPLICATE_METHOD_MATCH = YES;
				CODE_SIGN_IDENTITY = "iPhone Developer";
				COPY_PHASE_STRIP = NO;
				DEBUG_INFORMATION_FORMAT = "dwarf-with-dsym";
				ENABLE_NS_ASSERTIONS = NO;
				ENABLE_STRICT_OBJC_MSGSEND = YES;
				GCC_C_LANGUAGE_STANDARD = gnu11;
				GCC_NO_COMMON_BLOCKS = YES;
				GCC_WARN_64_TO_32_BIT_CONVERSION = YES;
				GCC_WARN_ABOUT_RETURN_TYPE = YES_ERROR;
				GCC_WARN_UNDECLARED_SELECTOR = YES;
				GCC_WARN_UNINITIALIZED_AUTOS = YES_AGGRESSIVE;
				GCC_WARN_UNUSED_FUNCTION = YES;
				GCC_WARN_UNUSED_VARIABLE = YES;
				IPHONEOS_DEPLOYMENT_TARGET = 8.0;
				MTL_ENABLE_DEBUG_INFO = NO;
				MTL_FAST_MATH = YES;
				SDKROOT = iphoneos;
				VALIDATE_PRODUCT = YES;
			};
			name = Release;
		};
		CEE12DCC22E0AC24008FC702 /* Debug */ = {
			isa = XCBuildConfiguration;
			buildSettings = {
				ASSETCATALOG_COMPILER_APPICON_NAME = AppIcon;
				CODE_SIGN_STYLE = Automatic;
				DEVELOPMENT_TEAM = 397W964N5J;
				GCC_PRECOMPILE_PREFIX_HEADER = YES;
				GCC_PREFIX_HEADER = YYZKit/YYZKitPrefixHeader.pch;
				INFOPLIST_FILE = YYZKit/Info.plist;
				IPHONEOS_DEPLOYMENT_TARGET = 8.0;
				LD_RUNPATH_SEARCH_PATHS = (
					"$(inherited)",
					"@executable_path/Frameworks",
				);
				PRODUCT_BUNDLE_IDENTIFIER = com.yoger.YYZKit;
				PRODUCT_NAME = "$(TARGET_NAME)";
				TARGETED_DEVICE_FAMILY = "1,2";
			};
			name = Debug;
		};
		CEE12DCD22E0AC24008FC702 /* Release */ = {
			isa = XCBuildConfiguration;
			buildSettings = {
				ASSETCATALOG_COMPILER_APPICON_NAME = AppIcon;
				CODE_SIGN_STYLE = Automatic;
				DEVELOPMENT_TEAM = 397W964N5J;
				GCC_PRECOMPILE_PREFIX_HEADER = YES;
				GCC_PREFIX_HEADER = YYZKit/YYZKitPrefixHeader.pch;
				INFOPLIST_FILE = YYZKit/Info.plist;
				IPHONEOS_DEPLOYMENT_TARGET = 8.0;
				LD_RUNPATH_SEARCH_PATHS = (
					"$(inherited)",
					"@executable_path/Frameworks",
				);
				PRODUCT_BUNDLE_IDENTIFIER = com.yoger.YYZKit;
				PRODUCT_NAME = "$(TARGET_NAME)";
				TARGETED_DEVICE_FAMILY = "1,2";
			};
			name = Release;
		};
		CEE12DCF22E0AC24008FC702 /* Debug */ = {
			isa = XCBuildConfiguration;
			buildSettings = {
				BUNDLE_LOADER = "$(TEST_HOST)";
				CODE_SIGN_STYLE = Automatic;
				DEVELOPMENT_TEAM = 397W964N5J;
				INFOPLIST_FILE = YYZKitTests/Info.plist;
				LD_RUNPATH_SEARCH_PATHS = (
					"$(inherited)",
					"@executable_path/Frameworks",
					"@loader_path/Frameworks",
				);
				PRODUCT_BUNDLE_IDENTIFIER = com.yoger.YYZKitTests;
				PRODUCT_NAME = "$(TARGET_NAME)";
				TARGETED_DEVICE_FAMILY = "1,2";
				TEST_HOST = "$(BUILT_PRODUCTS_DIR)/YYZKit.app/YYZKit";
			};
			name = Debug;
		};
		CEE12DD022E0AC24008FC702 /* Release */ = {
			isa = XCBuildConfiguration;
			buildSettings = {
				BUNDLE_LOADER = "$(TEST_HOST)";
				CODE_SIGN_STYLE = Automatic;
				DEVELOPMENT_TEAM = 397W964N5J;
				INFOPLIST_FILE = YYZKitTests/Info.plist;
				LD_RUNPATH_SEARCH_PATHS = (
					"$(inherited)",
					"@executable_path/Frameworks",
					"@loader_path/Frameworks",
				);
				PRODUCT_BUNDLE_IDENTIFIER = com.yoger.YYZKitTests;
				PRODUCT_NAME = "$(TARGET_NAME)";
				TARGETED_DEVICE_FAMILY = "1,2";
				TEST_HOST = "$(BUILT_PRODUCTS_DIR)/YYZKit.app/YYZKit";
			};
			name = Release;
		};
/* End XCBuildConfiguration section */

/* Begin XCConfigurationList section */
		CEE12DA522E0AC22008FC702 /* Build configuration list for PBXProject "YYZKit" */ = {
			isa = XCConfigurationList;
			buildConfigurations = (
				CEE12DC922E0AC24008FC702 /* Debug */,
				CEE12DCA22E0AC24008FC702 /* Release */,
			);
			defaultConfigurationIsVisible = 0;
			defaultConfigurationName = Release;
		};
		CEE12DCB22E0AC24008FC702 /* Build configuration list for PBXNativeTarget "YYZKit" */ = {
			isa = XCConfigurationList;
			buildConfigurations = (
				CEE12DCC22E0AC24008FC702 /* Debug */,
				CEE12DCD22E0AC24008FC702 /* Release */,
			);
			defaultConfigurationIsVisible = 0;
			defaultConfigurationName = Release;
		};
		CEE12DCE22E0AC24008FC702 /* Build configuration list for PBXNativeTarget "YYZKitTests" */ = {
			isa = XCConfigurationList;
			buildConfigurations = (
				CEE12DCF22E0AC24008FC702 /* Debug */,
				CEE12DD022E0AC24008FC702 /* Release */,
			);
			defaultConfigurationIsVisible = 0;
			defaultConfigurationName = Release;
		};
/* End XCConfigurationList section */
	};
	rootObject = CEE12DA222E0AC22008FC702 /* Project object */;
}
