// !$*UTF8*$!
{
	archiveVersion = 1;
	classes = {
	};
	objectVersion = 50;
	objects = {

/* Begin PBXBuildFile section */
		CE62564022F440B100F1C494 /* YYZPhotoManager.m in Sources */ = {isa = PBXBuildFile; fileRef = CE62563F22F440B100F1C494 /* YYZPhotoManager.m */; };
		CEBCC88222E34E4600038041 /* YYZSearchView.m in Sources */ = {isa = PBXBuildFile; fileRef = CEBCC88022E34E4600038041 /* YYZSearchView.m */; };
		CEE12DAF22E0AC22008FC702 /* AppDelegate.m in Sources */ = {isa = PBXBuildFile; fileRef = CEE12DAE22E0AC22008FC702 /* AppDelegate.m */; };
		CEE12DB222E0AC22008FC702 /* ViewController.m in Sources */ = {isa = PBXBuildFile; fileRef = CEE12DB122E0AC22008FC702 /* ViewController.m */; };
		CEE12DB522E0AC22008FC702 /* Main.storyboard in Resources */ = {isa = PBXBuildFile; fileRef = CEE12DB322E0AC22008FC702 /* Main.storyboard */; };
		CEE12DB722E0AC24008FC702 /* Assets.xcassets in Resources */ = {isa = PBXBuildFile; fileRef = CEE12DB622E0AC24008FC702 /* Assets.xcassets */; };
		CEE12DBA22E0AC24008FC702 /* LaunchScreen.storyboard in Resources */ = {isa = PBXBuildFile; fileRef = CEE12DB822E0AC24008FC702 /* LaunchScreen.storyboard */; };
		CEE12DBD22E0AC24008FC702 /* main.m in Sources */ = {isa = PBXBuildFile; fileRef = CEE12DBC22E0AC24008FC702 /* main.m */; };
		CEE12DC722E0AC24008FC702 /* YYZKitTests.m in Sources */ = {isa = PBXBuildFile; fileRef = CEE12DC622E0AC24008FC702 /* YYZKitTests.m */; };
		CEE12DD522E0B019008FC702 /* YYZColorConstructor.m in Sources */ = {isa = PBXBuildFile; fileRef = CEE12DD422E0B019008FC702 /* YYZColorConstructor.m */; };
/* End PBXBuildFile section */

/* Begin PBXContainerItemProxy section */
		CEE12DC322E0AC24008FC702 /* PBXContainerItemProxy */ = {
			isa = PBXContainerItemProxy;
			containerPortal = CEE12DA222E0AC22008FC702 /* Project object */;
			proxyType = 1;
			remoteGlobalIDString = CEE12DA922E0AC22008FC702;
			remoteInfo = YYZKit;
		};
/* End PBXContainerItemProxy section */

/* Begin PBXFileReference section */
		CE62563E22F440B100F1C494 /* YYZPhotoManager.h */ = {isa = PBXFileReference; lastKnownFileType = sourcecode.c.h; path = YYZPhotoManager.h; sourceTree = "<group>"; };
		CE62563F22F440B100F1C494 /* YYZPhotoManager.m */ = {isa = PBXFileReference; lastKnownFileType = sourcecode.c.objc; path = YYZPhotoManager.m; sourceTree = "<group>"; };
		CEBCC88022E34E4600038041 /* YYZSearchView.m */ = {isa = PBXFileReference; fileEncoding = 4; lastKnownFileType = sourcecode.c.objc; path = YYZSearchView.m; sourceTree = "<group>"; };
		CEBCC88122E34E4600038041 /* YYZSearchView.h */ = {isa = PBXFileReference; fileEncoding = 4; lastKnownFileType = sourcecode.c.h; path = YYZSearchView.h; sourceTree = "<group>"; };
		CEE12DAA22E0AC22008FC702 /* YYZKit.app */ = {isa = PBXFileReference; explicitFileType = wrapper.application; includeInIndex = 0; path = YYZKit.app; sourceTree = BUILT_PRODUCTS_DIR; };
		CEE12DAD22E0AC22008FC702 /* AppDelegate.h */ = {isa = PBXFileReference; lastKnownFileType = sourcecode.c.h; path = AppDelegate.h; sourceTree = "<group>"; };
		CEE12DAE22E0AC22008FC702 /* AppDelegate.m */ = {isa = PBXFileReference; lastKnownFileType = sourcecode.c.objc; path = AppDelegate.m; sourceTree = "<group>"; };
		CEE12DB022E0AC22008FC702 /* ViewController.h */ = {isa = PBXFileReference; lastKnownFileType = sourcecode.c.h; path = ViewController.h; sourceTree = "<group>"; };
		CEE12DB122E0AC22008FC702 /* ViewController.m */ = {isa = PBXFileReference; lastKnownFileType = sourcecode.c.objc; path = ViewController.m; sourceTree = "<group>"; };
		CEE12DB422E0AC22008FC702 /* Base */ = {isa = PBXFileReference; lastKnownFileType = file.storyboard; name = Base; path = Base.lproj/Main.storyboard; sourceTree = "<group>"; };
		CEE12DB622E0AC24008FC702 /* Assets.xcassets */ = {isa = PBXFileReference; lastKnownFileType = folder.assetcatalog; path = Assets.xcassets; sourceTree = "<group>"; };
		CEE12DB922E0AC24008FC702 /* Base */ = {isa = PBXFileReference; lastKnownFileType = file.storyboard; name = Base; path = Base.lproj/LaunchScreen.storyboard; sourceTree = "<group>"; };
		CEE12DBB22E0AC24008FC702 /* Info.plist */ = {isa = PBXFileReference; lastKnownFileType = text.plist.xml; path = Info.plist; sourceTree = "<group>"; };
		CEE12DBC22E0AC24008FC702 /* main.m */ = {isa = PBXFileReference; lastKnownFileType = sourcecode.c.objc; path = main.m; sourceTree = "<group>"; };
		CEE12DC222E0AC24008FC702 /* YYZKitTests.xctest */ = {isa = PBXFileReference; explicitFileType = wrapper.cfbundle; includeInIndex = 0; path = YYZKitTests.xctest; sourceTree = BUILT_PRODUCTS_DIR; };
		CEE12DC622E0AC24008FC702 /* YYZKitTests.m */ = {isa = PBXFileReference; lastKnownFileType = sourcecode.c.objc; path = YYZKitTests.m; sourceTree = "<group>"; };
		CEE12DC822E0AC24008FC702 /* Info.plist */ = {isa = PBXFileReference; lastKnownFileType = text.plist.xml; path = Info.plist; sourceTree = "<group>"; };
		CEE12DD222E0AF6E008FC702 /* YYZKitHeader.h */ = {isa = PBXFileReference; lastKnownFileType = sourcecode.c.h; path = YYZKitHeader.h; sourceTree = "<group>"; };
		CEE12DD322E0B019008FC702 /* YYZColorConstructor.h */ = {isa = PBXFileReference; lastKnownFileType = sourcecode.c.h; path = YYZColorConstructor.h; sourceTree = "<group>"; };
		CEE12DD422E0B019008FC702 /* YYZColorConstructor.m */ = {isa = PBXFileReference; lastKnownFileType = sourcecode.c.objc; path = YYZColorConstructor.m; sourceTree = "<group>"; };
		CEE12DD622E0B0FF008FC702 /* YYZAssertNotEmpty.h */ = {isa = PBXFileReference; lastKnownFileType = sourcecode.c.h; path = YYZAssertNotEmpty.h; sourceTree = "<group>"; };
		CEE12DD822E0B256008FC702 /* YYZKitDefines.h */ = {isa = PBXFileReference; lastKnownFileType = sourcecode.c.h; path = YYZKitDefines.h; sourceTree = "<group>"; };
/* End PBXFileReference section */

/* Begin PBXFrameworksBuildPhase section */
		CEE12DA722E0AC22008FC702 /* Frameworks */ = {
			isa = PBXFrameworksBuildPhase;
			buildActionMask = 2147483647;
			files = (
			);
			runOnlyForDeploymentPostprocessing = 0;
		};
		CEE12DBF22E0AC24008FC702 /* Frameworks */ = {
			isa = PBXFrameworksBuildPhase;
			buildActionMask = 2147483647;
			files = (
			);
			runOnlyForDeploymentPostprocessing = 0;
		};
/* End PBXFrameworksBuildPhase section */

/* Begin PBXGroup section */
		CEE12DA122E0AC22008FC702 = {
			isa = PBXGroup;
			children = (
				CEE12DD122E0AF01008FC702 /* Classes */,
				CEE12DAC22E0AC22008FC702 /* YYZKit */,
				CEE12DC522E0AC24008FC702 /* YYZKitTests */,
				CEE12DAB22E0AC22008FC702 /* Products */,
			);
			sourceTree = "<group>";
		};
		CEE12DAB22E0AC22008FC702 /* Products */ = {
			isa = PBXGroup;
			children = (
				CEE12DAA22E0AC22008FC702 /* YYZKit.app */,
				CEE12DC222E0AC24008FC702 /* YYZKitTests.xctest */,
			);
			name = Products;
			sourceTree = "<group>";
		};
		CEE12DAC22E0AC22008FC702 /* YYZKit */ = {
			isa = PBXGroup;
			children = (
				CEE12DAD22E0AC22008FC702 /* AppDelegate.h */,
				CEE12DAE22E0AC22008FC702 /* AppDelegate.m */,
				CEE12DB022E0AC22008FC702 /* ViewController.h */,
				CEE12DB122E0AC22008FC702 /* ViewController.m */,
				CE62563E22F440B100F1C494 /* YYZPhotoManager.h */,
				CE62563F22F440B100F1C494 /* YYZPhotoManager.m */,
				CEE12DB322E0AC22008FC702 /* Main.storyboard */,
				CEE12DB622E0AC24008FC702 /* Assets.xcassets */,
				CEE12DB822E0AC24008FC702 /* LaunchScreen.storyboard */,
				CEE12DBB22E0AC24008FC702 /* Info.plist */,
				CEE12DBC22E0AC24008FC702 /* main.m */,
			);
			path = YYZKit;
			sourceTree = "<group>";
		};
		CEE12DC522E0AC24008FC702 /* YYZKitTests */ = {
			isa = PBXGroup;
			children = (
				CEE12DC622E0AC24008FC702 /* YYZKitTests.m */,
				CEE12DC822E0AC24008FC702 /* Info.plist */,
			);
			path = YYZKitTests;
			sourceTree = "<group>";
		};
		CEE12DD122E0AF01008FC702 /* Classes */ = {
			isa = PBXGroup;
			children = (
				CEE12DD222E0AF6E008FC702 /* YYZKitHeader.h */,
				CEE12DD822E0B256008FC702 /* YYZKitDefines.h */,
				CEE12DD622E0B0FF008FC702 /* YYZAssertNotEmpty.h */,
				CEE12DD322E0B019008FC702 /* YYZColorConstructor.h */,
				CEE12DD422E0B019008FC702 /* YYZColorConstructor.m */,
				CEBCC88122E34E4600038041 /* YYZSearchView.h */,
				CEBCC88022E34E4600038041 /* YYZSearchView.m */,
			);
			path = Classes;
			sourceTree = "<group>";
		};
/* End PBXGroup section */

/* Begin PBXNativeTarget section */
		CEE12DA922E0AC22008FC702 /* YYZKit */ = {
			isa = PBXNativeTarget;
			buildConfigurationList = CEE12DCB22E0AC24008FC702 /* Build configuration list for PBXNativeTarget "YYZKit" */;
			buildPhases = (
				CEE12DA622E0AC22008FC702 /* Sources */,
				CEE12DA722E0AC22008FC702 /* Frameworks */,
				CEE12DA822E0AC22008FC702 /* Resources */,
			);
			buildRules = (
			);
			dependencies = (
			);
			name = YYZKit;
			productName = YYZKit;
			productReference = CEE12DAA22E0AC22008FC702 /* YYZKit.app */;
			productType = "com.apple.product-type.application";
		};
		CEE12DC122E0AC24008FC702 /* YYZKitTests */ = {
			isa = PBXNativeTarget;
			buildConfigurationList = CEE12DCE22E0AC24008FC702 /* Build configuration list for PBXNativeTarget "YYZKitTests" */;
			buildPhases = (
				CEE12DBE22E0AC24008FC702 /* Sources */,
				CEE12DBF22E0AC24008FC702 /* Frameworks */,
				CEE12DC022E0AC24008FC702 /* Resources */,
			);
			buildRules = (
			);
			dependencies = (
				CEE12DC422E0AC24008FC702 /* PBXTargetDependency */,
			);
			name = YYZKitTests;
			productName = YYZKitTests;
			productReference = CEE12DC222E0AC24008FC702 /* YYZKitTests.xctest */;
			productType = "com.apple.product-type.bundle.unit-test";
		};
/* End PBXNativeTarget section */

/* Begin PBXProject section */
		CEE12DA222E0AC22008FC702 /* Project object */ = {
			isa = PBXProject;
			attributes = {
				LastUpgradeCheck = 1000;
				ORGANIZATIONNAME = yoger;
				TargetAttributes = {
					CEE12DA922E0AC22008FC702 = {
						CreatedOnToolsVersion = 10.0;
					};
					CEE12DC122E0AC24008FC702 = {
						CreatedOnToolsVersion = 10.0;
						TestTargetID = CEE12DA922E0AC22008FC702;
					};
				};
			};
			buildConfigurationList = CEE12DA522E0AC22008FC702 /* Build configuration list for PBXProject "YYZKit" */;
			compatibilityVersion = "Xcode 9.3";
			developmentRegion = en;
			hasScannedForEncodings = 0;
			knownRegions = (
				en,
				Base,
			);
			mainGroup = CEE12DA122E0AC22008FC702;
			productRefGroup = CEE12DAB22E0AC22008FC702 /* Products */;
			projectDirPath = "";
			projectRoot = "";
			targets = (
				CEE12DA922E0AC22008FC702 /* YYZKit */,
				CEE12DC122E0AC24008FC702 /* YYZKitTests */,
			);
		};
/* End PBXProject section */

/* Begin PBXResourcesBuildPhase section */
		CEE12DA822E0AC22008FC702 /* Resources */ = {
			isa = PBXResourcesBuildPhase;
			buildActionMask = 2147483647;
			files = (
				CEE12DBA22E0AC24008FC702 /* LaunchScreen.storyboard in Resources */,
				CEE12DB722E0AC24008FC702 /* Assets.xcassets in Resources */,
				CEE12DB522E0AC22008FC702 /* Main.storyboard in Resources */,
			);
			runOnlyForDeploymentPostprocessing = 0;
		};
		CEE12DC022E0AC24008FC702 /* Resources */ = {
			isa = PBXResourcesBuildPhase;
			buildActionMask = 2147483647;
			files = (
			);
			runOnlyForDeploymentPostprocessing = 0;
		};
/* End PBXResourcesBuildPhase section */

/* Begin PBXSourcesBuildPhase section */
		CEE12DA622E0AC22008FC702 /* Sources */ = {
			isa = PBXSourcesBuildPhase;
			buildActionMask = 2147483647;
			files = (
				CEE12DB222E0AC22008FC702 /* ViewController.m in Sources */,
				CE62564022F440B100F1C494 /* YYZPhotoManager.m in Sources */,
				CEBCC88222E34E4600038041 /* YYZSearchView.m in Sources */,
				CEE12DD522E0B019008FC702 /* YYZColorConstructor.m in Sources */,
				CEE12DBD22E0AC24008FC702 /* main.m in Sources */,
				CEE12DAF22E0AC22008FC702 /* AppDelegate.m in Sources */,
			);
			runOnlyForDeploymentPostprocessing = 0;
		};
		CEE12DBE22E0AC24008FC702 /* Sources */ = {
			isa = PBXSourcesBuildPhase;
			buildActionMask = 2147483647;
			files = (
				CEE12DC722E0AC24008FC702 /* YYZKitTests.m in Sources */,
			);
			runOnlyForDeploymentPostprocessing = 0;
		};
/* End PBXSourcesBuildPhase section */

/* Begin PBXTargetDependency section */
		CEE12DC422E0AC24008FC702 /* PBXTargetDependency */ = {
			isa = PBXTargetDependency;
			target = CEE12DA922E0AC22008FC702 /* YYZKit */;
			targetProxy = CEE12DC322E0AC24008FC702 /* PBXContainerItemProxy */;
		};
/* End PBXTargetDependency section */

/* Begin PBXVariantGroup section */
		CEE12DB322E0AC22008FC702 /* Main.storyboard */ = {
			isa = PBXVariantGroup;
			children = (
				CEE12DB422E0AC22008FC702 /* Base */,
			);
			name = Main.storyboard;
			sourceTree = "<group>";
		};
		CEE12DB822E0AC24008FC702 /* LaunchScreen.storyboard */ = {
			isa = PBXVariantGroup;
			children = (
				CEE12DB922E0AC24008FC702 /* Base */,
			);
			name = LaunchScreen.storyboard;
			sourceTree = "<group>";
		};
/* End PBXVariantGroup section */

/* Begin XCBuildConfiguration section */
		CEE12DC922E0AC24008FC702 /* Debug */ = {
			isa = XCBuildConfiguration;
			buildSettings = {
				ALWAYS_SEARCH_USER_PATHS = NO;
				CLANG_ANALYZER_NONNULL = YES;
				CLANG_ANALYZER_NUMBER_OBJECT_CONVERSION = YES_AGGRESSIVE;
				CLANG_CXX_LANGUAGE_STANDARD = "gnu++14";
				CLANG_CXX_LIBRARY = "libc++";
				CLANG_ENABLE_MODULES = YES;
				CLANG_ENABLE_OBJC_ARC = YES;
				CLANG_ENABLE_OBJC_WEAK = YES;
				CLANG_WARN_BLOCK_CAPTURE_AUTORELEASING = YES;
				CLANG_WARN_BOOL_CONVERSION = YES;
				CLANG_WARN_COMMA = YES;
				CLANG_WARN_CONSTANT_CONVERSION = YES;
				CLANG_WARN_DEPRECATED_OBJC_IMPLEMENTATIONS = YES;
				CLANG_WARN_DIRECT_OBJC_ISA_USAGE = YES_ERROR;
				CLANG_WARN_DOCUMENTATION_COMMENTS = YES;
				CLANG_WARN_EMPTY_BODY = YES;
				CLANG_WARN_ENUM_CONVERSION = YES;
				CLANG_WARN_INFINITE_RECURSION = YES;
				CLANG_WARN_INT_CONVERSION = YES;
				CLANG_WARN_NON_LITERAL_NULL_CONVERSION = YES;
				CLANG_WARN_OBJC_IMPLICIT_RETAIN_SELF = YES;
				CLANG_WARN_OBJC_LITERAL_CONVERSION = YES;
				CLANG_WARN_OBJC_ROOT_CLASS = YES_ERROR;
				CLANG_WARN_RANGE_LOOP_ANALYSIS = YES;
				CLANG_WARN_STRICT_PROTOTYPES = YES;
				CLANG_WARN_SUSPICIOUS_MOVE = YES;
				CLANG_WARN_UNGUARDED_AVAILABILITY = YES_AGGRESSIVE;
				CLANG_WARN_UNREACHABLE_CODE = YES;
				CLANG_WARN__DUPLICATE_METHOD_MATCH = YES;
				CODE_SIGN_IDENTITY = "iPhone Developer";
				COPY_PHASE_STRIP = NO;
				DEBUG_INFORMATION_FORMAT = dwarf;
				ENABLE_STRICT_OBJC_MSGSEND = YES;
				ENABLE_TESTABILITY = YES;
				GCC_C_LANGUAGE_STANDARD = gnu11;
				GCC_DYNAMIC_NO_PIC = NO;
				GCC_NO_COMMON_BLOCKS = YES;
				GCC_OPTIMIZATION_LEVEL = 0;
				GCC_PREPROCESSOR_DEFINITIONS = (
					"DEBUG=1",
					"$(inherited)",
				);
				GCC_WARN_64_TO_32_BIT_CONVERSION = YES;
				GCC_WARN_ABOUT_RETURN_TYPE = YES_ERROR;
				GCC_WARN_UNDECLARED_SELECTOR = YES;
				GCC_WARN_UNINITIALIZED_AUTOS = YES_AGGRESSIVE;
				GCC_WARN_UNUSED_FUNCTION = YES;
				GCC_WARN_UNUSED_VARIABLE = YES;
				IPHONEOS_DEPLOYMENT_TARGET = 8.0;
				MTL_ENABLE_DEBUG_INFO = INCLUDE_SOURCE;
				MTL_FAST_MATH = YES;
				ONLY_ACTIVE_ARCH = YES;
				SDKROOT = iphoneos;
			};
			name = Debug;
		};
		CEE12DCA22E0AC24008FC702 /* Release */ = {
			isa = XCBuildConfiguration;
			buildSettings = {
				ALWAYS_SEARCH_USER_PATHS = NO;
				CLANG_ANALYZER_NONNULL = YES;
				CLANG_ANALYZER_NUMBER_OBJECT_CONVERSION = YES_AGGRESSIVE;
				CLANG_CXX_LANGUAGE_STANDARD = "gnu++14";
				CLANG_CXX_LIBRARY = "libc++";
				CLANG_ENABLE_MODULES = YES;
				CLANG_ENABLE_OBJC_ARC = YES;
				CLANG_ENABLE_OBJC_WEAK = YES;
				CLANG_WARN_BLOCK_CAPTURE_AUTORELEASING = YES;
				CLANG_WARN_BOOL_CONVERSION = YES;
				CLANG_WARN_COMMA = YES;
				CLANG_WARN_CONSTANT_CONVERSION = YES;
				CLANG_WARN_DEPRECATED_OBJC_IMPLEMENTATIONS = YES;
				CLANG_WARN_DIRECT_OBJC_ISA_USAGE = YES_ERROR;
				CLANG_WARN_DOCUMENTATION_COMMENTS = YES;
				CLANG_WARN_EMPTY_BODY = YES;
				CLANG_WARN_ENUM_CONVERSION = YES;
				CLANG_WARN_INFINITE_RECURSION = YES;
				CLANG_WARN_INT_CONVERSION = YES;
				CLANG_WARN_NON_LITERAL_NULL_CONVERSION = YES;
				CLANG_WARN_OBJC_IMPLICIT_RETAIN_SELF = YES;
				CLANG_WARN_OBJC_LITERAL_CONVERSION = YES;
				CLANG_WARN_OBJC_ROOT_CLASS = YES_ERROR;
				CLANG_WARN_RANGE_LOOP_ANALYSIS = YES;
				CLANG_WARN_STRICT_PROTOTYPES = YES;
				CLANG_WARN_SUSPICIOUS_MOVE = YES;
				CLANG_WARN_UNGUARDED_AVAILABILITY = YES_AGGRESSIVE;
				CLANG_WARN_UNREACHABLE_CODE = YES;
				CLANG_WARN__DUPLICATE_METHOD_MATCH = YES;
				CODE_SIGN_IDENTITY = "iPhone Developer";
				COPY_PHASE_STRIP = NO;
				DEBUG_INFORMATION_FORMAT = "dwarf-with-dsym";
				ENABLE_NS_ASSERTIONS = NO;
				ENABLE_STRICT_OBJC_MSGSEND = YES;
				GCC_C_LANGUAGE_STANDARD = gnu11;
				GCC_NO_COMMON_BLOCKS = YES;
				GCC_WARN_64_TO_32_BIT_CONVERSION = YES;
				GCC_WARN_ABOUT_RETURN_TYPE = YES_ERROR;
				GCC_WARN_UNDECLARED_SELECTOR = YES;
				GCC_WARN_UNINITIALIZED_AUTOS = YES_AGGRESSIVE;
				GCC_WARN_UNUSED_FUNCTION = YES;
				GCC_WARN_UNUSED_VARIABLE = YES;
				IPHONEOS_DEPLOYMENT_TARGET = 8.0;
				MTL_ENABLE_DEBUG_INFO = NO;
				MTL_FAST_MATH = YES;
				SDKROOT = iphoneos;
				VALIDATE_PRODUCT = YES;
			};
			name = Release;
		};
		CEE12DCC22E0AC24008FC702 /* Debug */ = {
			isa = XCBuildConfiguration;
			buildSettings = {
				ASSETCATALOG_COMPILER_APPICON_NAME = AppIcon;
				CODE_SIGN_STYLE = Automatic;
				DEVELOPMENT_TEAM = 397W964N5J;
				INFOPLIST_FILE = YYZKit/Info.plist;
				IPHONEOS_DEPLOYMENT_TARGET = 8.0;
				LD_RUNPATH_SEARCH_PATHS = (
					"$(inherited)",
					"@executable_path/Frameworks",
				);
				PRODUCT_BUNDLE_IDENTIFIER = com.yoger.YYZKit;
				PRODUCT_NAME = "$(TARGET_NAME)";
				TARGETED_DEVICE_FAMILY = "1,2";
			};
			name = Debug;
		};
		CEE12DCD22E0AC24008FC702 /* Release */ = {
			isa = XCBuildConfiguration;
			buildSettings = {
				ASSETCATALOG_COMPILER_APPICON_NAME = AppIcon;
				CODE_SIGN_STYLE = Automatic;
				DEVELOPMENT_TEAM = 397W964N5J;
				INFOPLIST_FILE = YYZKit/Info.plist;
				IPHONEOS_DEPLOYMENT_TARGET = 8.0;
				LD_RUNPATH_SEARCH_PATHS = (
					"$(inherited)",
					"@executable_path/Frameworks",
				);
				PRODUCT_BUNDLE_IDENTIFIER = com.yoger.YYZKit;
				PRODUCT_NAME = "$(TARGET_NAME)";
				TARGETED_DEVICE_FAMILY = "1,2";
			};
			name = Release;
		};
		CEE12DCF22E0AC24008FC702 /* Debug */ = {
			isa = XCBuildConfiguration;
			buildSettings = {
				BUNDLE_LOADER = "$(TEST_HOST)";
				CODE_SIGN_STYLE = Automatic;
				DEVELOPMENT_TEAM = 397W964N5J;
				INFOPLIST_FILE = YYZKitTests/Info.plist;
				LD_RUNPATH_SEARCH_PATHS = (
					"$(inherited)",
					"@executable_path/Frameworks",
					"@loader_path/Frameworks",
				);
				PRODUCT_BUNDLE_IDENTIFIER = com.yoger.YYZKitTests;
				PRODUCT_NAME = "$(TARGET_NAME)";
				TARGETED_DEVICE_FAMILY = "1,2";
				TEST_HOST = "$(BUILT_PRODUCTS_DIR)/YYZKit.app/YYZKit";
			};
			name = Debug;
		};
		CEE12DD022E0AC24008FC702 /* Release */ = {
			isa = XCBuildConfiguration;
			buildSettings = {
				BUNDLE_LOADER = "$(TEST_HOST)";
				CODE_SIGN_STYLE = Automatic;
				DEVELOPMENT_TEAM = 397W964N5J;
				INFOPLIST_FILE = YYZKitTests/Info.plist;
				LD_RUNPATH_SEARCH_PATHS = (
					"$(inherited)",
					"@executable_path/Frameworks",
					"@loader_path/Frameworks",
				);
				PRODUCT_BUNDLE_IDENTIFIER = com.yoger.YYZKitTests;
				PRODUCT_NAME = "$(TARGET_NAME)";
				TARGETED_DEVICE_FAMILY = "1,2";
				TEST_HOST = "$(BUILT_PRODUCTS_DIR)/YYZKit.app/YYZKit";
			};
			name = Release;
		};
/* End XCBuildConfiguration section */

/* Begin XCConfigurationList section */
		CEE12DA522E0AC22008FC702 /* Build configuration list for PBXProject "YYZKit" */ = {
			isa = XCConfigurationList;
			buildConfigurations = (
				CEE12DC922E0AC24008FC702 /* Debug */,
				CEE12DCA22E0AC24008FC702 /* Release */,
			);
			defaultConfigurationIsVisible = 0;
			defaultConfigurationName = Release;
		};
		CEE12DCB22E0AC24008FC702 /* Build configuration list for PBXNativeTarget "YYZKit" */ = {
			isa = XCConfigurationList;
			buildConfigurations = (
				CEE12DCC22E0AC24008FC702 /* Debug */,
				CEE12DCD22E0AC24008FC702 /* Release */,
			);
			defaultConfigurationIsVisible = 0;
			defaultConfigurationName = Release;
		};
		CEE12DCE22E0AC24008FC702 /* Build configuration list for PBXNativeTarget "YYZKitTests" */ = {
			isa = XCConfigurationList;
			buildConfigurations = (
				CEE12DCF22E0AC24008FC702 /* Debug */,
				CEE12DD022E0AC24008FC702 /* Release */,
			);
			defaultConfigurationIsVisible = 0;
			defaultConfigurationName = Release;
		};
/* End XCConfigurationList section */
	};
	rootObject = CEE12DA222E0AC22008FC702 /* Project object */;
}
